Microsoft Visual Studio Solution File, Format Version 12.00
# Visual Studio Version 17
VisualStudioVersion = 17.5.2.0
MinimumVisualStudioVersion = 10.0.40219.1
Project("{FAE04EC0-301F-11D3-BF4B-00C04F79EFBC}") = "Shared", "Shared\Shared.csproj", "{22F72E50-B86A-48A6-4252-6FDC98C636E8}"
EndProject
Project("{2150E333-8FDC-42A3-9474-1A3956D46DE8}") = "Apps", "Apps", "{1787FE1D-075E-9E68-7218-25F1BD1BBEAB}"
EndProject
Project("{2150E333-8FDC-42A3-9474-1A3956D46DE8}") = "Modules", "Modules", "{CA253913-39DE-BFD0-C9A3-4B7EC6FBDF17}"
EndProject
Project("{FAE04EC0-301F-11D3-BF4B-00C04F79EFBC}") = "Api", "Apps\Api\Api.csproj", "{3FC7EC71-31D1-712E-1320-384AD08193E8}"
EndProject
Project("{2150E333-8FDC-42A3-9474-1A3956D46DE8}") = "EventsModule", "EventsModule", "{7FA29A49-6DAD-1E9A-BB56-E9FBEA6295A4}"
EndProject
Project("{2150E333-8FDC-42A3-9474-1A3956D46DE8}") = "src", "src", "{6E1E164D-D334-1F6F-DE5C-878F3A750F84}"
EndProject
Project("{FAE04EC0-301F-11D3-BF4B-00C04F79EFBC}") = "Harmoni.Events", "Modules\EventsModule\src\Harmoni.Events\Harmoni.Events.csproj", "{678B52CB-CE98-4334-F645-5D9413909B44}"
EndProject
Project("{2150E333-8FDC-42A3-9474-1A3956D46DE8}") = "TasksModule", "TasksModule", "{97F500BC-F0BB-8935-75F8-2F5D9958B039}"
EndProject
Project("{2150E333-8FDC-42A3-9474-1A3956D46DE8}") = "src", "src", "{64F2905C-DA58-8DE4-AA12-69D1BAC915E4}"
EndProject
Project("{FAE04EC0-301F-11D3-BF4B-00C04F79EFBC}") = "Harmoni.Tasks", "Modules\TasksModule\src\Harmoni.Tasks\Harmoni.Tasks.csproj", "{52DA0A80-D9F2-0700-C3D5-CA1A80F69662}"
EndProject
Global
	GlobalSection(SolutionConfigurationPlatforms) = preSolution
		Debug|Any CPU = Debug|Any CPU
		Release|Any CPU = Release|Any CPU
	EndGlobalSection
	GlobalSection(ProjectConfigurationPlatforms) = postSolution
		{22F72E50-B86A-48A6-4252-6FDC98C636E8}.Debug|Any CPU.ActiveCfg = Debug|Any CPU
		{22F72E50-B86A-48A6-4252-6FDC98C636E8}.Debug|Any CPU.Build.0 = Debug|Any CPU
		{22F72E50-B86A-48A6-4252-6FDC98C636E8}.Release|Any CPU.ActiveCfg = Release|Any CPU
		{22F72E50-B86A-48A6-4252-6FDC98C636E8}.Release|Any CPU.Build.0 = Release|Any CPU
		{3FC7EC71-31D1-712E-1320-384AD08193E8}.Debug|Any CPU.ActiveCfg = Debug|Any CPU
		{3FC7EC71-31D1-712E-1320-384AD08193E8}.Debug|Any CPU.Build.0 = Debug|Any CPU
		{3FC7EC71-31D1-712E-1320-384AD08193E8}.Release|Any CPU.ActiveCfg = Release|Any CPU
		{3FC7EC71-31D1-712E-1320-384AD08193E8}.Release|Any CPU.Build.0 = Release|Any CPU
		{678B52CB-CE98-4334-F645-5D9413909B44}.Debug|Any CPU.ActiveCfg = Debug|Any CPU
		{678B52CB-CE98-4334-F645-5D9413909B44}.Debug|Any CPU.Build.0 = Debug|Any CPU
		{678B52CB-CE98-4334-F645-5D9413909B44}.Release|Any CPU.ActiveCfg = Release|Any CPU
		{678B52CB-CE98-4334-F645-5D9413909B44}.Release|Any CPU.Build.0 = Release|Any CPU
		{52DA0A80-D9F2-0700-C3D5-CA1A80F69662}.Debug|Any CPU.ActiveCfg = Debug|Any CPU
		{52DA0A80-D9F2-0700-C3D5-CA1A80F69662}.Debug|Any CPU.Build.0 = Debug|Any CPU
		{52DA0A80-D9F2-0700-C3D5-CA1A80F69662}.Release|Any CPU.ActiveCfg = Release|Any CPU
		{52DA0A80-D9F2-0700-C3D5-CA1A80F69662}.Release|Any CPU.Build.0 = Release|Any CPU
	EndGlobalSection
	GlobalSection(SolutionProperties) = preSolution
		HideSolutionNode = FALSE
	EndGlobalSection
	GlobalSection(NestedProjects) = preSolution
		{3FC7EC71-31D1-712E-1320-384AD08193E8} = {1787FE1D-075E-9E68-7218-25F1BD1BBEAB}
		{7FA29A49-6DAD-1E9A-BB56-E9FBEA6295A4} = {CA253913-39DE-BFD0-C9A3-4B7EC6FBDF17}
		{6E1E164D-D334-1F6F-DE5C-878F3A750F84} = {7FA29A49-6DAD-1E9A-BB56-E9FBEA6295A4}
		{678B52CB-CE98-4334-F645-5D9413909B44} = {6E1E164D-D334-1F6F-DE5C-878F3A750F84}
		{97F500BC-F0BB-8935-75F8-2F5D9958B039} = {CA253913-39DE-BFD0-C9A3-4B7EC6FBDF17}
		{64F2905C-DA58-8DE4-AA12-69D1BAC915E4} = {97F500BC-F0BB-8935-75F8-2F5D9958B039}
		{52DA0A80-D9F2-0700-C3D5-CA1A80F69662} = {64F2905C-DA58-8DE4-AA12-69D1BAC915E4}
	EndGlobalSection
	GlobalSection(ExtensibilityGlobals) = postSolution
		SolutionGuid = {8B692471-4264-4833-BD74-CA79997A4D6C}
	EndGlobalSection
EndGlobal
